// !$*UTF8*$!
{
	archiveVersion = 1;
	classes = {
	};
	objectVersion = 48;
	objects = {

/* Begin PBXBuildFile section */
		AEACF1B3204077E600AF3D60 /* AppDelegate.swift in Sources */ = {isa = PBXBuildFile; fileRef = AEACF1B2204077E600AF3D60 /* AppDelegate.swift */; };
		AEACF1BA204077E600AF3D60 /* Assets.xcassets in Resources */ = {isa = PBXBuildFile; fileRef = AEACF1B9204077E600AF3D60 /* Assets.xcassets */; };
		AEACF1BD204077E600AF3D60 /* LaunchScreen.storyboard in Resources */ = {isa = PBXBuildFile; fileRef = AEACF1BB204077E600AF3D60 /* LaunchScreen.storyboard */; };
		DE99C0600D2FEDB7638E95DF /* RootViewController.swift in Sources */ = {isa = PBXBuildFile; fileRef = DE99C88EE153C17D9C659B55 /* RootViewController.swift */; };
		DE99C3C230214597C372C7D8 /* ViewControllerB.swift in Sources */ = {isa = PBXBuildFile; fileRef = DE99C3AB05DCDF5EC28858B8 /* ViewControllerB.swift */; };
		DE99C3DE1F7EC18BE5C2F57E /* DismissalAnimator.swift in Sources */ = {isa = PBXBuildFile; fileRef = DE99C05E8E3F3E290EFA6CB0 /* DismissalAnimator.swift */; };
		DE99C597A3254C160ECCA652 /* PresentationController.swift in Sources */ = {isa = PBXBuildFile; fileRef = DE99CC40782C4DC73A183B39 /* PresentationController.swift */; };
		DE99C65A40D668E8493D38EB /* PresentationAnimator.swift in Sources */ = {isa = PBXBuildFile; fileRef = DE99C374072C4AAA0EF63BE0 /* PresentationAnimator.swift */; };
		DE99CA37AC2DD5BFA24D7631 /* TransitioningDelegate.swift in Sources */ = {isa = PBXBuildFile; fileRef = DE99C5CD12BB1A116E711AF3 /* TransitioningDelegate.swift */; };
/* End PBXBuildFile section */

/* Begin PBXFileReference section */
		AEACF1AF204077E600AF3D60 /* Transition.app */ = {isa = PBXFileReference; explicitFileType = wrapper.application; includeInIndex = 0; path = Transition.app; sourceTree = BUILT_PRODUCTS_DIR; };
		AEACF1B2204077E600AF3D60 /* AppDelegate.swift */ = {isa = PBXFileReference; lastKnownFileType = sourcecode.swift; path = AppDelegate.swift; sourceTree = "<group>"; };
		AEACF1B9204077E600AF3D60 /* Assets.xcassets */ = {isa = PBXFileReference; lastKnownFileType = folder.assetcatalog; path = Assets.xcassets; sourceTree = "<group>"; };
		AEACF1BC204077E600AF3D60 /* Base */ = {isa = PBXFileReference; lastKnownFileType = file.storyboard; name = Base; path = Base.lproj/LaunchScreen.storyboard; sourceTree = "<group>"; };
		AEACF1BE204077E600AF3D60 /* Info.plist */ = {isa = PBXFileReference; lastKnownFileType = text.plist.xml; path = Info.plist; sourceTree = "<group>"; };
		DE99C05E8E3F3E290EFA6CB0 /* DismissalAnimator.swift */ = {isa = PBXFileReference; fileEncoding = 4; lastKnownFileType = sourcecode.swift; path = DismissalAnimator.swift; sourceTree = "<group>"; };
		DE99C374072C4AAA0EF63BE0 /* PresentationAnimator.swift */ = {isa = PBXFileReference; fileEncoding = 4; lastKnownFileType = sourcecode.swift; path = PresentationAnimator.swift; sourceTree = "<group>"; };
		DE99C3AB05DCDF5EC28858B8 /* ViewControllerB.swift */ = {isa = PBXFileReference; fileEncoding = 4; lastKnownFileType = sourcecode.swift; path = ViewControllerB.swift; sourceTree = "<group>"; };
		DE99C5CD12BB1A116E711AF3 /* TransitioningDelegate.swift */ = {isa = PBXFileReference; fileEncoding = 4; lastKnownFileType = sourcecode.swift; path = TransitioningDelegate.swift; sourceTree = "<group>"; };
		DE99C88EE153C17D9C659B55 /* RootViewController.swift */ = {isa = PBXFileReference; fileEncoding = 4; lastKnownFileType = sourcecode.swift; path = RootViewController.swift; sourceTree = "<group>"; };
		DE99CC40782C4DC73A183B39 /* PresentationController.swift */ = {isa = PBXFileReference; fileEncoding = 4; lastKnownFileType = sourcecode.swift; path = PresentationController.swift; sourceTree = "<group>"; };
/* End PBXFileReference section */

/* Begin PBXFrameworksBuildPhase section */
		AEACF1AC204077E600AF3D60 /* Frameworks */ = {
			isa = PBXFrameworksBuildPhase;
			buildActionMask = 2147483647;
			files = (
			);
			runOnlyForDeploymentPostprocessing = 0;
		};
/* End PBXFrameworksBuildPhase section */

/* Begin PBXGroup section */
		AEACF1A6204077E600AF3D60 = {
			isa = PBXGroup;
			children = (
				AEACF1B1204077E600AF3D60 /* Transition */,
				AEACF1B0204077E600AF3D60 /* Products */,
			);
			sourceTree = "<group>";
		};
		AEACF1B0204077E600AF3D60 /* Products */ = {
			isa = PBXGroup;
			children = (
				AEACF1AF204077E600AF3D60 /* Transition.app */,
			);
			name = Products;
			sourceTree = "<group>";
		};
		AEACF1B1204077E600AF3D60 /* Transition */ = {
			isa = PBXGroup;
			children = (
				AEACF1B2204077E600AF3D60 /* AppDelegate.swift */,
				AEACF1B9204077E600AF3D60 /* Assets.xcassets */,
				AEACF1BB204077E600AF3D60 /* LaunchScreen.storyboard */,
				AEACF1BE204077E600AF3D60 /* Info.plist */,
				DE99C88EE153C17D9C659B55 /* RootViewController.swift */,
				DE99C3AB05DCDF5EC28858B8 /* ViewControllerB.swift */,
				DE99C5CD12BB1A116E711AF3 /* TransitioningDelegate.swift */,
				DE99C374072C4AAA0EF63BE0 /* PresentationAnimator.swift */,
				DE99C05E8E3F3E290EFA6CB0 /* DismissalAnimator.swift */,
				DE99CC40782C4DC73A183B39 /* PresentationController.swift */,
			);
			path = Transition;
			sourceTree = "<group>";
		};
/* End PBXGroup section */

/* Begin PBXNativeTarget section */
		AEACF1AE204077E600AF3D60 /* Transition */ = {
			isa = PBXNativeTarget;
			buildConfigurationList = AEACF1C1204077E600AF3D60 /* Build configuration list for PBXNativeTarget "Transition" */;
			buildPhases = (
				AEACF1AB204077E600AF3D60 /* Sources */,
				AEACF1AC204077E600AF3D60 /* Frameworks */,
				AEACF1AD204077E600AF3D60 /* Resources */,
			);
			buildRules = (
			);
			dependencies = (
			);
			name = Transition;
			productName = Transition;
			productReference = AEACF1AF204077E600AF3D60 /* Transition.app */;
			productType = "com.apple.product-type.application";
		};
/* End PBXNativeTarget section */

/* Begin PBXProject section */
		AEACF1A7204077E600AF3D60 /* Project object */ = {
			isa = PBXProject;
			attributes = {
				LastSwiftUpdateCheck = 0920;
				LastUpgradeCheck = 0920;
				ORGANIZATIONNAME = PivotalTracker;
				TargetAttributes = {
					AEACF1AE204077E600AF3D60 = {
						CreatedOnToolsVersion = 9.2;
						ProvisioningStyle = Automatic;
					};
				};
			};
			buildConfigurationList = AEACF1AA204077E600AF3D60 /* Build configuration list for PBXProject "Transition" */;
			compatibilityVersion = "Xcode 8.0";
			developmentRegion = en;
			hasScannedForEncodings = 0;
			knownRegions = (
				en,
				Base,
			);
			mainGroup = AEACF1A6204077E600AF3D60;
			productRefGroup = AEACF1B0204077E600AF3D60 /* Products */;
			projectDirPath = "";
			projectRoot = "";
			targets = (
				AEACF1AE204077E600AF3D60 /* Transition */,
			);
		};
/* End PBXProject section */

/* Begin PBXResourcesBuildPhase section */
		AEACF1AD204077E600AF3D60 /* Resources */ = {
			isa = PBXResourcesBuildPhase;
			buildActionMask = 2147483647;
			files = (
				AEACF1BD204077E600AF3D60 /* LaunchScreen.storyboard in Resources */,
				AEACF1BA204077E600AF3D60 /* Assets.xcassets in Resources */,
			);
			runOnlyForDeploymentPostprocessing = 0;
		};
/* End PBXResourcesBuildPhase section */

/* Begin PBXSourcesBuildPhase section */
		AEACF1AB204077E600AF3D60 /* Sources */ = {
			isa = PBXSourcesBuildPhase;
			buildActionMask = 2147483647;
			files = (
				AEACF1B3204077E600AF3D60 /* AppDelegate.swift in Sources */,
				DE99C0600D2FEDB7638E95DF /* RootViewController.swift in Sources */,
				DE99C3C230214597C372C7D8 /* ViewControllerB.swift in Sources */,
				DE99CA37AC2DD5BFA24D7631 /* TransitioningDelegate.swift in Sources */,
				DE99C65A40D668E8493D38EB /* PresentationAnimator.swift in Sources */,
				DE99C3DE1F7EC18BE5C2F57E /* DismissalAnimator.swift in Sources */,
				DE99C597A3254C160ECCA652 /* PresentationController.swift in Sources */,
			);
			runOnlyForDeploymentPostprocessing = 0;
		};
/* End PBXSourcesBuildPhase section */

/* Begin PBXVariantGroup section */
		AEACF1BB204077E600AF3D60 /* LaunchScreen.storyboard */ = {
			isa = PBXVariantGroup;
			children = (
				AEACF1BC204077E600AF3D60 /* Base */,
			);
			name = LaunchScreen.storyboard;
			sourceTree = "<group>";
		};
/* End PBXVariantGroup section */

/* Begin XCBuildConfiguration section */
		AEACF1BF204077E600AF3D60 /* Debug */ = {
			isa = XCBuildConfiguration;
			buildSettings = {
				ALWAYS_SEARCH_USER_PATHS = NO;
				CLANG_ANALYZER_NONNULL = YES;
				CLANG_ANALYZER_NUMBER_OBJECT_CONVERSION = YES_AGGRESSIVE;
				CLANG_CXX_LANGUAGE_STANDARD = "gnu++14";
				CLANG_CXX_LIBRARY = "libc++";
				CLANG_ENABLE_MODULES = YES;
				CLANG_ENABLE_OBJC_ARC = YES;
				CLANG_WARN_BLOCK_CAPTURE_AUTORELEASING = YES;
				CLANG_WARN_BOOL_CONVERSION = YES;
				CLANG_WARN_COMMA = YES;
				CLANG_WARN_CONSTANT_CONVERSION = YES;
				CLANG_WARN_DIRECT_OBJC_ISA_USAGE = YES_ERROR;
				CLANG_WARN_DOCUMENTATION_COMMENTS = YES;
				CLANG_WARN_EMPTY_BODY = YES;
				CLANG_WARN_ENUM_CONVERSION = YES;
				CLANG_WARN_INFINITE_RECURSION = YES;
				CLANG_WARN_INT_CONVERSION = YES;
				CLANG_WARN_NON_LITERAL_NULL_CONVERSION = YES;
				CLANG_WARN_OBJC_LITERAL_CONVERSION = YES;
				CLANG_WARN_OBJC_ROOT_CLASS = YES_ERROR;
				CLANG_WARN_RANGE_LOOP_ANALYSIS = YES;
				CLANG_WARN_STRICT_PROTOTYPES = YES;
				CLANG_WARN_SUSPICIOUS_MOVE = YES;
				CLANG_WARN_UNGUARDED_AVAILABILITY = YES_AGGRESSIVE;
				CLANG_WARN_UNREACHABLE_CODE = YES;
				CLANG_WARN__DUPLICATE_METHOD_MATCH = YES;
				CODE_SIGN_IDENTITY = "iPhone Developer";
				COPY_PHASE_STRIP = NO;
				DEBUG_INFORMATION_FORMAT = dwarf;
				ENABLE_STRICT_OBJC_MSGSEND = YES;
				ENABLE_TESTABILITY = YES;
				GCC_C_LANGUAGE_STANDARD = gnu11;
				GCC_DYNAMIC_NO_PIC = NO;
				GCC_NO_COMMON_BLOCKS = YES;
				GCC_OPTIMIZATION_LEVEL = 0;
				GCC_PREPROCESSOR_DEFINITIONS = (
					"DEBUG=1",
					"$(inherited)",
				);
				GCC_WARN_64_TO_32_BIT_CONVERSION = YES;
				GCC_WARN_ABOUT_RETURN_TYPE = YES_ERROR;
				GCC_WARN_UNDECLARED_SELECTOR = YES;
				GCC_WARN_UNINITIALIZED_AUTOS = YES_AGGRESSIVE;
				GCC_WARN_UNUSED_FUNCTION = YES;
				GCC_WARN_UNUSED_VARIABLE = YES;
				IPHONEOS_DEPLOYMENT_TARGET = 11.2;
				MTL_ENABLE_DEBUG_INFO = YES;
				ONLY_ACTIVE_ARCH = YES;
				SDKROOT = iphoneos;
				SWIFT_ACTIVE_COMPILATION_CONDITIONS = DEBUG;
				SWIFT_OPTIMIZATION_LEVEL = "-Onone";
			};
			name = Debug;
		};
		AEACF1C0204077E600AF3D60 /* Release */ = {
			isa = XCBuildConfiguration;
			buildSettings = {
				ALWAYS_SEARCH_USER_PATHS = NO;
				CLANG_ANALYZER_NONNULL = YES;
				CLANG_ANALYZER_NUMBER_OBJECT_CONVERSION = YES_AGGRESSIVE;
				CLANG_CXX_LANGUAGE_STANDARD = "gnu++14";
				CLANG_CXX_LIBRARY = "libc++";
				CLANG_ENABLE_MODULES = YES;
				CLANG_ENABLE_OBJC_ARC = YES;
				CLANG_WARN_BLOCK_CAPTURE_AUTORELEASING = YES;
				CLANG_WARN_BOOL_CONVERSION = YES;
				CLANG_WARN_COMMA = YES;
				CLANG_WARN_CONSTANT_CONVERSION = YES;
				CLANG_WARN_DIRECT_OBJC_ISA_USAGE = YES_ERROR;
				CLANG_WARN_DOCUMENTATION_COMMENTS = YES;
				CLANG_WARN_EMPTY_BODY = YES;
				CLANG_WARN_ENUM_CONVERSION = YES;
				CLANG_WARN_INFINITE_RECURSION = YES;
				CLANG_WARN_INT_CONVERSION = YES;
				CLANG_WARN_NON_LITERAL_NULL_CONVERSION = YES;
				CLANG_WARN_OBJC_LITERAL_CONVERSION = YES;
				CLANG_WARN_OBJC_ROOT_CLASS = YES_ERROR;
				CLANG_WARN_RANGE_LOOP_ANALYSIS = YES;
				CLANG_WARN_STRICT_PROTOTYPES = YES;
				CLANG_WARN_SUSPICIOUS_MOVE = YES;
				CLANG_WARN_UNGUARDED_AVAILABILITY = YES_AGGRESSIVE;
				CLANG_WARN_UNREACHABLE_CODE = YES;
				CLANG_WARN__DUPLICATE_METHOD_MATCH = YES;
				CODE_SIGN_IDENTITY = "iPhone Developer";
				COPY_PHASE_STRIP = NO;
				DEBUG_INFORMATION_FORMAT = "dwarf-with-dsym";
				ENABLE_NS_ASSERTIONS = NO;
				ENABLE_STRICT_OBJC_MSGSEND = YES;
				GCC_C_LANGUAGE_STANDARD = gnu11;
				GCC_NO_COMMON_BLOCKS = YES;
				GCC_WARN_64_TO_32_BIT_CONVERSION = YES;
				GCC_WARN_ABOUT_RETURN_TYPE = YES_ERROR;
				GCC_WARN_UNDECLARED_SELECTOR = YES;
				GCC_WARN_UNINITIALIZED_AUTOS = YES_AGGRESSIVE;
				GCC_WARN_UNUSED_FUNCTION = YES;
				GCC_WARN_UNUSED_VARIABLE = YES;
				IPHONEOS_DEPLOYMENT_TARGET = 11.2;
				MTL_ENABLE_DEBUG_INFO = NO;
				SDKROOT = iphoneos;
				SWIFT_OPTIMIZATION_LEVEL = "-Owholemodule";
				VALIDATE_PRODUCT = YES;
			};
			name = Release;
		};
		AEACF1C2204077E600AF3D60 /* Debug */ = {
			isa = XCBuildConfiguration;
			buildSettings = {
				ASSETCATALOG_COMPILER_APPICON_NAME = AppIcon;
				CODE_SIGN_STYLE = Automatic;
				DEVELOPMENT_TEAM = 3DX367L887;
				INFOPLIST_FILE = Transition/Info.plist;
				LD_RUNPATH_SEARCH_PATHS = "$(inherited) @executable_path/Frameworks";
				PRODUCT_BUNDLE_IDENTIFIER = com.pivotaltracker.Transition;
				PRODUCT_NAME = "$(TARGET_NAME)";
				SWIFT_VERSION = 4.0;
				TARGETED_DEVICE_FAMILY = "1,2";
			};
			name = Debug;
		};
		AEACF1C3204077E600AF3D60 /* Release */ = {
			isa = XCBuildConfiguration;
			buildSettings = {
				ASSETCATALOG_COMPILER_APPICON_NAME = AppIcon;
				CODE_SIGN_STYLE = Automatic;
				DEVELOPMENT_TEAM = 3DX367L887;
				INFOPLIST_FILE = Transition/Info.plist;
				LD_RUNPATH_SEARCH_PATHS = "$(inherited) @executable_path/Frameworks";
				PRODUCT_BUNDLE_IDENTIFIER = com.pivotaltracker.Transition;
				PRODUCT_NAME = "$(TARGET_NAME)";
				SWIFT_VERSION = 4.0;
				TARGETED_DEVICE_FAMILY = "1,2";
			};
			name = Release;
		};
/* End XCBuildConfiguration section */

/* Begin XCConfigurationList section */
		AEACF1AA204077E600AF3D60 /* Build configuration list for PBXProject "Transition" */ = {
			isa = XCConfigurationList;
			buildConfigurations = (
				AEACF1BF204077E600AF3D60 /* Debug */,
				AEACF1C0204077E600AF3D60 /* Release */,
			);
			defaultConfigurationIsVisible = 0;
			defaultConfigurationName = Release;
		};
		AEACF1C1204077E600AF3D60 /* Build configuration list for PBXNativeTarget "Transition" */ = {
			isa = XCConfigurationList;
			buildConfigurations = (
				AEACF1C2204077E600AF3D60 /* Debug */,
				AEACF1C3204077E600AF3D60 /* Release */,
			);
			defaultConfigurationIsVisible = 0;
			defaultConfigurationName = Release;
		};
/* End XCConfigurationList section */
	};
	rootObject = AEACF1A7204077E600AF3D60 /* Project object */;
}
